
Microsoft Visual Studio Solution File, Format Version 12.00
# Visual Studio 15
VisualStudioVersion = 15.0.26206.0
MinimumVisualStudioVersion = 10.0.40219.1
Project("{FAE04EC0-301F-11D3-BF4B-00C04F79EFBC}") = "CommonAddin", "CommonAddin\CommonAddin.csproj", "{DD64BD43-4400-422A-952D-B99E1EBE33E7}"
EndProject
Project("{FAE04EC0-301F-11D3-BF4B-00C04F79EFBC}") = "SFAddin", "SFAddin\SFAddin.csproj", "{15A271A4-E25F-403E-8F20-1B38796C6CAA}"
EndProject
Project("{FAE04EC0-301F-11D3-BF4B-00C04F79EFBC}") = "ExcelInterfaces", "ExcelInterfaces\ExcelInterfaces.csproj", "{251BDA20-C404-4221-A8FC-61B693E0532A}"
EndProject
Global
	GlobalSection(SolutionConfigurationPlatforms) = preSolution
		Debug|Any CPU = Debug|Any CPU
		Debug|x64 = Debug|x64
		Debug|x86 = Debug|x86
		Release|Any CPU = Release|Any CPU
		Release|x64 = Release|x64
		Release|x86 = Release|x86
	EndGlobalSection
	GlobalSection(ProjectConfigurationPlatforms) = postSolution
		{DD64BD43-4400-422A-952D-B99E1EBE33E7}.Debug|Any CPU.ActiveCfg = Debug|Any CPU
		{DD64BD43-4400-422A-952D-B99E1EBE33E7}.Debug|Any CPU.Build.0 = Debug|Any CPU
		{DD64BD43-4400-422A-952D-B99E1EBE33E7}.Debug|x64.ActiveCfg = Debug|Any CPU
		{DD64BD43-4400-422A-952D-B99E1EBE33E7}.Debug|x64.Build.0 = Debug|Any CPU
		{DD64BD43-4400-422A-952D-B99E1EBE33E7}.Debug|x86.ActiveCfg = Debug|Any CPU
		{DD64BD43-4400-422A-952D-B99E1EBE33E7}.Debug|x86.Build.0 = Debug|Any CPU
		{DD64BD43-4400-422A-952D-B99E1EBE33E7}.Release|Any CPU.ActiveCfg = Release|Any CPU
		{DD64BD43-4400-422A-952D-B99E1EBE33E7}.Release|Any CPU.Build.0 = Release|Any CPU
		{DD64BD43-4400-422A-952D-B99E1EBE33E7}.Release|x64.ActiveCfg = Release|Any CPU
		{DD64BD43-4400-422A-952D-B99E1EBE33E7}.Release|x64.Build.0 = Release|Any CPU
		{DD64BD43-4400-422A-952D-B99E1EBE33E7}.Release|x86.ActiveCfg = Release|Any CPU
		{DD64BD43-4400-422A-952D-B99E1EBE33E7}.Release|x86.Build.0 = Release|Any CPU
		{15A271A4-E25F-403E-8F20-1B38796C6CAA}.Debug|Any CPU.ActiveCfg = Debug|Any CPU
		{15A271A4-E25F-403E-8F20-1B38796C6CAA}.Debug|Any CPU.Build.0 = Debug|Any CPU
		{15A271A4-E25F-403E-8F20-1B38796C6CAA}.Debug|x64.ActiveCfg = Debug|Any CPU
		{15A271A4-E25F-403E-8F20-1B38796C6CAA}.Debug|x86.ActiveCfg = Debug|Any CPU
		{15A271A4-E25F-403E-8F20-1B38796C6CAA}.Release|Any CPU.ActiveCfg = Release|Any CPU
		{15A271A4-E25F-403E-8F20-1B38796C6CAA}.Release|Any CPU.Build.0 = Release|Any CPU
		{15A271A4-E25F-403E-8F20-1B38796C6CAA}.Release|x64.ActiveCfg = Release|Any CPU
		{15A271A4-E25F-403E-8F20-1B38796C6CAA}.Release|x86.ActiveCfg = Release|Any CPU
		{251BDA20-C404-4221-A8FC-61B693E0532A}.Debug|Any CPU.ActiveCfg = Debug|Any CPU
		{251BDA20-C404-4221-A8FC-61B693E0532A}.Debug|Any CPU.Build.0 = Debug|Any CPU
		{251BDA20-C404-4221-A8FC-61B693E0532A}.Debug|x64.ActiveCfg = Debug|x64
		{251BDA20-C404-4221-A8FC-61B693E0532A}.Debug|x64.Build.0 = Debug|x64
		{251BDA20-C404-4221-A8FC-61B693E0532A}.Debug|x86.ActiveCfg = Debug|x86
		{251BDA20-C404-4221-A8FC-61B693E0532A}.Debug|x86.Build.0 = Debug|x86
		{251BDA20-C404-4221-A8FC-61B693E0532A}.Release|Any CPU.ActiveCfg = Release|Any CPU
		{251BDA20-C404-4221-A8FC-61B693E0532A}.Release|Any CPU.Build.0 = Release|Any CPU
		{251BDA20-C404-4221-A8FC-61B693E0532A}.Release|x64.ActiveCfg = Release|x64
		{251BDA20-C404-4221-A8FC-61B693E0532A}.Release|x64.Build.0 = Release|x64
		{251BDA20-C404-4221-A8FC-61B693E0532A}.Release|x86.ActiveCfg = Release|x86
		{251BDA20-C404-4221-A8FC-61B693E0532A}.Release|x86.Build.0 = Release|x86
	EndGlobalSection
	GlobalSection(SolutionProperties) = preSolution
		HideSolutionNode = FALSE
	EndGlobalSection
EndGlobal
